<?xml version="1.0" encoding="utf-8"?>
<Project ToolsVersion="4.0" xmlns="http://schemas.microsoft.com/developer/msbuild/2003">
  <ItemGroup>
    <Filter Include="Source Files">
      <UniqueIdentifier>{4FC737F1-C7A5-4376-A066-2A32D752A2FF}</UniqueIdentifier>
      <Extensions>cpp;c;cc;cxx;def;odl;idl;hpj;bat;asm;asmx</Extensions>
    </Filter>
  </ItemGroup>
  <ItemGroup>
    <ClCompile Include="Homework1.cpp">
      <Filter>Source Files</Filter>
    </ClCompile>
    <ClCompile Include="Homework3.cpp">
      <Filter>Source Files</Filter>
    </ClCompile>
    <ClCompile Include="homework4.cpp">
      <Filter>Source Files</Filter>
    </ClCompile>
    <ClCompile Include="Homework5.cpp">
      <Filter>Source Files</Filter>
    </ClCompile>
    <ClCompile Include="Homework6.cpp">
      <Filter>Source Files</Filter>
    </ClCompile>
    <ClCompile Include="Homework7.cpp">
      <Filter>Source Files</Filter>
    </ClCompile>
    <ClCompile Include="Homework8.cpp">
      <Filter>Source Files</Filter>
    </ClCompile>
    <ClCompile Include="Homework9.cpp">
      <Filter>Source Files</Filter>
    </ClCompile>
    <ClCompile Include="Homework10.cpp">
      <Filter>Source Files</Filter>
    </ClCompile>
    <ClCompile Include="Homework 11.cpp">
      <Filter>Source Files</Filter>
    </ClCompile>
    <ClCompile Include="Homework12.cpp">
      <Filter>Source Files</Filter>
    </ClCompile>
    <ClCompile Include="Homework13.cpp">
      <Filter>Source Files</Filter>
    </ClCompile>
    <ClCompile Include="Homework14.cpp">
      <Filter>Source Files</Filter>
    </ClCompile>
    <ClCompile Include="Main.cpp">
      <Filter>Source Files</Filter>
    </ClCompile>
    <ClCompile Include="Card.cpp">
      <Filter>Source Files</Filter>
    </ClCompile>
    <ClCompile Include="Hand.cpp">
      <Filter>Source Files</Filter>
    </ClCompile>
    <ClCompile Include="GenericPlayer.cpp">
      <Filter>Source Files</Filter>
    </ClCompile>
    <ClCompile Include="Player.cpp">
      <Filter>Source Files</Filter>
    </ClCompile>
    <ClCompile Include="House.cpp">
      <Filter>Source Files</Filter>
    </ClCompile>
    <ClCompile Include="Deck.cpp">
      <Filter>Source Files</Filter>
    </ClCompile>
    <ClCompile Include="Game.cpp">
      <Filter>Source Files</Filter>
    </ClCompile>
  </ItemGroup>
  <ItemGroup>
    <ClInclude Include="Card.h">
      <Filter>Source Files</Filter>
    </ClInclude>
    <ClInclude Include="Hand.h">
      <Filter>Source Files</Filter>
    </ClInclude>
    <ClInclude Include="GenericPlayer.h">
      <Filter>Source Files</Filter>
    </ClInclude>
    <ClInclude Include="Player.h">
      <Filter>Source Files</Filter>
    </ClInclude>
    <ClInclude Include="House.h">
      <Filter>Source Files</Filter>
    </ClInclude>
    <ClInclude Include="Deck.h">
      <Filter>Source Files</Filter>
    </ClInclude>
    <ClInclude Include="Game.h">
      <Filter>Source Files</Filter>
    </ClInclude>
  </ItemGroup>
</Project>